
Microsoft Visual Studio Solution File, Format Version 12.00
# Visual Studio Version 16
VisualStudioVersion = 16.0.29613.14
MinimumVisualStudioVersion = 10.0.40219.1
Project("{FAE04EC0-301F-11D3-BF4B-00C04F79EFBC}") = "DevStandardControl", "DevStandardControl.csproj", "{6407417D-51B4-4E53-9D06-D144BE044638}"
EndProject
Global
	GlobalSection(SolutionConfigurationPlatforms) = preSolution
		Debug|Any CPU = Debug|Any CPU
		Release|Any CPU = Release|Any CPU
	EndGlobalSection
	GlobalSection(ProjectConfigurationPlatforms) = postSolution
		{6407417D-51B4-4E53-9D06-D144BE044638}.Debug|Any CPU.ActiveCfg = Debug|Any CPU
		{6407417D-51B4-4E53-9D06-D144BE044638}.Debug|Any CPU.Build.0 = Debug|Any CPU
		{6407417D-51B4-4E53-9D06-D144BE044638}.Release|Any CPU.ActiveCfg = Release|Any CPU
		{6407417D-51B4-4E53-9D06-D144BE044638}.Release|Any CPU.Build.0 = Release|Any CPU
	EndGlobalSection
	GlobalSection(SolutionProperties) = preSolution
		HideSolutionNode = FALSE
	EndGlobalSection
	GlobalSection(ExtensibilityGlobals) = postSolution
		SolutionGuid = {74E0B17C-5D28-4F1A-B171-30CD9A50BFF8}
	EndGlobalSection
EndGlobal
