
Microsoft Visual Studio Solution File, Format Version 12.00
# Visual Studio Version 16
VisualStudioVersion = 16.0.29728.190
MinimumVisualStudioVersion = 10.0.40219.1
Project("{FAE04EC0-301F-11D3-BF4B-00C04F79EFBC}") = "DevNavigationControl", "DevNavigationControl.csproj", "{05F7AD7A-1D76-44A6-90FE-6EF8F454BB28}"
EndProject
Global
	GlobalSection(SolutionConfigurationPlatforms) = preSolution
		Debug|Any CPU = Debug|Any CPU
		Release|Any CPU = Release|Any CPU
	EndGlobalSection
	GlobalSection(ProjectConfigurationPlatforms) = postSolution
		{05F7AD7A-1D76-44A6-90FE-6EF8F454BB28}.Debug|Any CPU.ActiveCfg = Debug|Any CPU
		{05F7AD7A-1D76-44A6-90FE-6EF8F454BB28}.Debug|Any CPU.Build.0 = Debug|Any CPU
		{05F7AD7A-1D76-44A6-90FE-6EF8F454BB28}.Release|Any CPU.ActiveCfg = Release|Any CPU
		{05F7AD7A-1D76-44A6-90FE-6EF8F454BB28}.Release|Any CPU.Build.0 = Release|Any CPU
	EndGlobalSection
	GlobalSection(SolutionProperties) = preSolution
		HideSolutionNode = FALSE
	EndGlobalSection
	GlobalSection(ExtensibilityGlobals) = postSolution
		SolutionGuid = {FF622238-F765-44D2-B622-877542BC3F47}
	EndGlobalSection
EndGlobal
